
Microsoft Visual Studio Solution File, Format Version 12.00
# Visual Studio Version 17
VisualStudioVersion = 17.4.33205.214
MinimumVisualStudioVersion = 10.0.40219.1
Project("{FAE04EC0-301F-11D3-BF4B-00C04F79EFBC}") = "PropertyContainer", "PropertyContainer\PropertyContainer.csproj", "{CBECF9C1-3349-4B2B-99E8-792C9F569973}"
EndProject
Global
	GlobalSection(SolutionConfigurationPlatforms) = preSolution
		Debug|Any CPU = Debug|Any CPU
		Release|Any CPU = Release|Any CPU
	EndGlobalSection
	GlobalSection(ProjectConfigurationPlatforms) = postSolution
		{CBECF9C1-3349-4B2B-99E8-792C9F569973}.Debug|Any CPU.ActiveCfg = Debug|Any CPU
		{CBECF9C1-3349-4B2B-99E8-792C9F569973}.Debug|Any CPU.Build.0 = Debug|Any CPU
		{CBECF9C1-3349-4B2B-99E8-792C9F569973}.Release|Any CPU.ActiveCfg = Release|Any CPU
		{CBECF9C1-3349-4B2B-99E8-792C9F569973}.Release|Any CPU.Build.0 = Release|Any CPU
	EndGlobalSection
	GlobalSection(SolutionProperties) = preSolution
		HideSolutionNode = FALSE
	EndGlobalSection
	GlobalSection(ExtensibilityGlobals) = postSolution
		SolutionGuid = {B6A9D600-4701-41C8-A42F-4B0EAA4CB0DB}
	EndGlobalSection
EndGlobal
